
Microsoft Visual Studio Solution File, Format Version 12.00
# Visual Studio Version 17
VisualStudioVersion = 17.4.33213.308
MinimumVisualStudioVersion = 10.0.40219.1
Project("{9A19103F-16F7-4668-BE54-9A1E7A4F7556}") = "stf.web", "stf.web\stf.web.csproj", "{048C9071-1646-4BBB-81A1-F2E51C848D67}"
EndProject
Project("{FAE04EC0-301F-11D3-BF4B-00C04F79EFBC}") = "stf.DataAccess", "stf.DataAccess\stf.DataAccess.csproj", "{0C808D7A-9F4B-4392-9688-FCDF611576FF}"
EndProject
Global
	GlobalSection(SolutionConfigurationPlatforms) = preSolution
		Debug|Any CPU = Debug|Any CPU
		Release|Any CPU = Release|Any CPU
	EndGlobalSection
	GlobalSection(ProjectConfigurationPlatforms) = postSolution
		{048C9071-1646-4BBB-81A1-F2E51C848D67}.Debug|Any CPU.ActiveCfg = Debug|Any CPU
		{048C9071-1646-4BBB-81A1-F2E51C848D67}.Debug|Any CPU.Build.0 = Debug|Any CPU
		{048C9071-1646-4BBB-81A1-F2E51C848D67}.Release|Any CPU.ActiveCfg = Release|Any CPU
		{048C9071-1646-4BBB-81A1-F2E51C848D67}.Release|Any CPU.Build.0 = Release|Any CPU
		{0C808D7A-9F4B-4392-9688-FCDF611576FF}.Debug|Any CPU.ActiveCfg = Debug|Any CPU
		{0C808D7A-9F4B-4392-9688-FCDF611576FF}.Debug|Any CPU.Build.0 = Debug|Any CPU
		{0C808D7A-9F4B-4392-9688-FCDF611576FF}.Release|Any CPU.ActiveCfg = Release|Any CPU
		{0C808D7A-9F4B-4392-9688-FCDF611576FF}.Release|Any CPU.Build.0 = Release|Any CPU
	EndGlobalSection
	GlobalSection(SolutionProperties) = preSolution
		HideSolutionNode = FALSE
	EndGlobalSection
	GlobalSection(ExtensibilityGlobals) = postSolution
		SolutionGuid = {E2812922-70D5-4769-9928-D6EE075255ED}
	EndGlobalSection
EndGlobal
